
Microsoft Visual Studio Solution File, Format Version 12.00
# Visual Studio Version 16
VisualStudioVersion = 16.0.29306.81
MinimumVisualStudioVersion = 10.0.40219.1
Project("{FAE04EC0-301F-11D3-BF4B-00C04F79EFBC}") = "Generating and printing names by using arrays", "Generating and printing names by using arrays\Generating and printing names by using arrays.csproj", "{1D5CE605-2BED-4CD6-AB55-ABEAD131FED0}"
EndProject
Project("{FAE04EC0-301F-11D3-BF4B-00C04F79EFBC}") = "Generating and printing names by using ArrayList", "Generating and printing names by using ArrayList\Generating and printing names by using ArrayList.csproj", "{F41FA98C-32B7-466C-9D46-17F9C71FA610}"
EndProject
Project("{FAE04EC0-301F-11D3-BF4B-00C04F79EFBC}") = "Generating and printing names by using StringCollection", "Generating and printing names by using StringCollection\Generating and printing names by using StringCollection.csproj", "{79DBDF04-F2CC-4805-91F1-6C4A3ACCAC5B}"
EndProject
Project("{FAE04EC0-301F-11D3-BF4B-00C04F79EFBC}") = "Generating and printing names with Generics", "Generating and printing names with Generics\Generating and printing names with Generics.csproj", "{AAE9DAB4-5CB6-42EF-B2FA-3745406806DD}"
EndProject
Project("{FAE04EC0-301F-11D3-BF4B-00C04F79EFBC}") = "Copying elements from one collection to another", "Copying elements from one collection to another\Copying elements from one collection to another.csproj", "{4E28EA9F-B661-449D-A07D-382A2FA6D2DE}"
EndProject
Project("{FAE04EC0-301F-11D3-BF4B-00C04F79EFBC}") = "Printing the result of the typeof operator", "Printing the result of the typeof operator\Printing the result of the typeof operator.csproj", "{CF56B4D0-F09A-4F39-B20A-3E9FF655F514}"
EndProject
Project("{FAE04EC0-301F-11D3-BF4B-00C04F79EFBC}") = "Exploring static fields in generic types", "Exploring static fields in generic types\Exploring static fields in generic types.csproj", "{B63E7DFB-6F09-4333-B9ED-63F63D41397F}"
EndProject
Project("{FAE04EC0-301F-11D3-BF4B-00C04F79EFBC}") = "The effects of boxing nullable value type values", "The effects of boxing nullable value type values\The effects of boxing nullable value type values.csproj", "{B238D0D2-4F17-4823-B5E6-2D5D57D7882A}"
EndProject
Project("{FAE04EC0-301F-11D3-BF4B-00C04F79EFBC}") = "A simple iterator yielding integers", "A simple iterator yielding integers\A simple iterator yielding integers.csproj", "{977EB457-7409-4653-BD40-C33FA58F2A3D}"
EndProject
Project("{FAE04EC0-301F-11D3-BF4B-00C04F79EFBC}") = "Iterating over the Fibonacci sequence", "Iterating over the Fibonacci sequence\Iterating over the Fibonacci sequence.csproj", "{6629200D-DC57-4C0F-A770-548EC880DF61}"
EndProject
Project("{FAE04EC0-301F-11D3-BF4B-00C04F79EFBC}") = "An iterator that logs its progress", "An iterator that logs its progress\An iterator that logs its progress.csproj", "{0E126F47-C76B-411A-906B-E647F2D30A5C}"
EndProject
Project("{FAE04EC0-301F-11D3-BF4B-00C04F79EFBC}") = "A simple partial class", "A simple partial class\A simple partial class.csproj", "{11A0498D-D2D2-4EE4-8950-5E1281CAE1A6}"
EndProject
Global
	GlobalSection(SolutionConfigurationPlatforms) = preSolution
		Debug|Any CPU = Debug|Any CPU
		Release|Any CPU = Release|Any CPU
	EndGlobalSection
	GlobalSection(ProjectConfigurationPlatforms) = postSolution
		{1D5CE605-2BED-4CD6-AB55-ABEAD131FED0}.Debug|Any CPU.ActiveCfg = Debug|Any CPU
		{1D5CE605-2BED-4CD6-AB55-ABEAD131FED0}.Debug|Any CPU.Build.0 = Debug|Any CPU
		{1D5CE605-2BED-4CD6-AB55-ABEAD131FED0}.Release|Any CPU.ActiveCfg = Release|Any CPU
		{1D5CE605-2BED-4CD6-AB55-ABEAD131FED0}.Release|Any CPU.Build.0 = Release|Any CPU
		{F41FA98C-32B7-466C-9D46-17F9C71FA610}.Debug|Any CPU.ActiveCfg = Debug|Any CPU
		{F41FA98C-32B7-466C-9D46-17F9C71FA610}.Debug|Any CPU.Build.0 = Debug|Any CPU
		{F41FA98C-32B7-466C-9D46-17F9C71FA610}.Release|Any CPU.ActiveCfg = Release|Any CPU
		{F41FA98C-32B7-466C-9D46-17F9C71FA610}.Release|Any CPU.Build.0 = Release|Any CPU
		{79DBDF04-F2CC-4805-91F1-6C4A3ACCAC5B}.Debug|Any CPU.ActiveCfg = Debug|Any CPU
		{79DBDF04-F2CC-4805-91F1-6C4A3ACCAC5B}.Debug|Any CPU.Build.0 = Debug|Any CPU
		{79DBDF04-F2CC-4805-91F1-6C4A3ACCAC5B}.Release|Any CPU.ActiveCfg = Release|Any CPU
		{79DBDF04-F2CC-4805-91F1-6C4A3ACCAC5B}.Release|Any CPU.Build.0 = Release|Any CPU
		{AAE9DAB4-5CB6-42EF-B2FA-3745406806DD}.Debug|Any CPU.ActiveCfg = Debug|Any CPU
		{AAE9DAB4-5CB6-42EF-B2FA-3745406806DD}.Debug|Any CPU.Build.0 = Debug|Any CPU
		{AAE9DAB4-5CB6-42EF-B2FA-3745406806DD}.Release|Any CPU.ActiveCfg = Release|Any CPU
		{AAE9DAB4-5CB6-42EF-B2FA-3745406806DD}.Release|Any CPU.Build.0 = Release|Any CPU
		{4E28EA9F-B661-449D-A07D-382A2FA6D2DE}.Debug|Any CPU.ActiveCfg = Debug|Any CPU
		{4E28EA9F-B661-449D-A07D-382A2FA6D2DE}.Debug|Any CPU.Build.0 = Debug|Any CPU
		{4E28EA9F-B661-449D-A07D-382A2FA6D2DE}.Release|Any CPU.ActiveCfg = Release|Any CPU
		{4E28EA9F-B661-449D-A07D-382A2FA6D2DE}.Release|Any CPU.Build.0 = Release|Any CPU
		{CF56B4D0-F09A-4F39-B20A-3E9FF655F514}.Debug|Any CPU.ActiveCfg = Debug|Any CPU
		{CF56B4D0-F09A-4F39-B20A-3E9FF655F514}.Debug|Any CPU.Build.0 = Debug|Any CPU
		{CF56B4D0-F09A-4F39-B20A-3E9FF655F514}.Release|Any CPU.ActiveCfg = Release|Any CPU
		{CF56B4D0-F09A-4F39-B20A-3E9FF655F514}.Release|Any CPU.Build.0 = Release|Any CPU
		{B63E7DFB-6F09-4333-B9ED-63F63D41397F}.Debug|Any CPU.ActiveCfg = Debug|Any CPU
		{B63E7DFB-6F09-4333-B9ED-63F63D41397F}.Debug|Any CPU.Build.0 = Debug|Any CPU
		{B63E7DFB-6F09-4333-B9ED-63F63D41397F}.Release|Any CPU.ActiveCfg = Release|Any CPU
		{B63E7DFB-6F09-4333-B9ED-63F63D41397F}.Release|Any CPU.Build.0 = Release|Any CPU
		{B238D0D2-4F17-4823-B5E6-2D5D57D7882A}.Debug|Any CPU.ActiveCfg = Debug|Any CPU
		{B238D0D2-4F17-4823-B5E6-2D5D57D7882A}.Debug|Any CPU.Build.0 = Debug|Any CPU
		{B238D0D2-4F17-4823-B5E6-2D5D57D7882A}.Release|Any CPU.ActiveCfg = Release|Any CPU
		{B238D0D2-4F17-4823-B5E6-2D5D57D7882A}.Release|Any CPU.Build.0 = Release|Any CPU
		{977EB457-7409-4653-BD40-C33FA58F2A3D}.Debug|Any CPU.ActiveCfg = Debug|Any CPU
		{977EB457-7409-4653-BD40-C33FA58F2A3D}.Debug|Any CPU.Build.0 = Debug|Any CPU
		{977EB457-7409-4653-BD40-C33FA58F2A3D}.Release|Any CPU.ActiveCfg = Release|Any CPU
		{977EB457-7409-4653-BD40-C33FA58F2A3D}.Release|Any CPU.Build.0 = Release|Any CPU
		{6629200D-DC57-4C0F-A770-548EC880DF61}.Debug|Any CPU.ActiveCfg = Debug|Any CPU
		{6629200D-DC57-4C0F-A770-548EC880DF61}.Debug|Any CPU.Build.0 = Debug|Any CPU
		{6629200D-DC57-4C0F-A770-548EC880DF61}.Release|Any CPU.ActiveCfg = Release|Any CPU
		{6629200D-DC57-4C0F-A770-548EC880DF61}.Release|Any CPU.Build.0 = Release|Any CPU
		{0E126F47-C76B-411A-906B-E647F2D30A5C}.Debug|Any CPU.ActiveCfg = Debug|Any CPU
		{0E126F47-C76B-411A-906B-E647F2D30A5C}.Debug|Any CPU.Build.0 = Debug|Any CPU
		{0E126F47-C76B-411A-906B-E647F2D30A5C}.Release|Any CPU.ActiveCfg = Release|Any CPU
		{0E126F47-C76B-411A-906B-E647F2D30A5C}.Release|Any CPU.Build.0 = Release|Any CPU
		{11A0498D-D2D2-4EE4-8950-5E1281CAE1A6}.Debug|Any CPU.ActiveCfg = Debug|Any CPU
		{11A0498D-D2D2-4EE4-8950-5E1281CAE1A6}.Debug|Any CPU.Build.0 = Debug|Any CPU
		{11A0498D-D2D2-4EE4-8950-5E1281CAE1A6}.Release|Any CPU.ActiveCfg = Release|Any CPU
		{11A0498D-D2D2-4EE4-8950-5E1281CAE1A6}.Release|Any CPU.Build.0 = Release|Any CPU
	EndGlobalSection
	GlobalSection(SolutionProperties) = preSolution
		HideSolutionNode = FALSE
	EndGlobalSection
	GlobalSection(ExtensibilityGlobals) = postSolution
		SolutionGuid = {F7D52F45-835D-4A04-A0F7-4897B4155946}
	EndGlobalSection
EndGlobal
